// !$*UTF8*$!
{
	archiveVersion = 1;
	classes = {
	};
	objectVersion = 50;
	objects = {

/* Begin PBXBuildFile section */
		C6C17A5F270CBEB60028BA12 /* TestGitHubApp.swift in Sources */ = {isa = PBXBuildFile; fileRef = C6C17A5E270CBEB60028BA12 /* TestGitHubApp.swift */; };
		C6C17A61270CBEB60028BA12 /* ContentView.swift in Sources */ = {isa = PBXBuildFile; fileRef = C6C17A60270CBEB60028BA12 /* ContentView.swift */; };
		C6C17A63270CBEBB0028BA12 /* Assets.xcassets in Resources */ = {isa = PBXBuildFile; fileRef = C6C17A62270CBEBB0028BA12 /* Assets.xcassets */; };
		C6C17A66270CBEBB0028BA12 /* Preview Assets.xcassets in Resources */ = {isa = PBXBuildFile; fileRef = C6C17A65270CBEBB0028BA12 /* Preview Assets.xcassets */; };
		C6C17A71270CBEBB0028BA12 /* TestGitHubTests.swift in Sources */ = {isa = PBXBuildFile; fileRef = C6C17A70270CBEBB0028BA12 /* TestGitHubTests.swift */; };
		C6C17A7C270CBEBB0028BA12 /* TestGitHubUITests.swift in Sources */ = {isa = PBXBuildFile; fileRef = C6C17A7B270CBEBB0028BA12 /* TestGitHubUITests.swift */; };
/* End PBXBuildFile section */

/* Begin PBXContainerItemProxy section */
		C6C17A6D270CBEBB0028BA12 /* PBXContainerItemProxy */ = {
			isa = PBXContainerItemProxy;
			containerPortal = C6C17A53270CBEB60028BA12 /* Project object */;
			proxyType = 1;
			remoteGlobalIDString = C6C17A5A270CBEB60028BA12;
			remoteInfo = TestGitHub;
		};
		C6C17A78270CBEBB0028BA12 /* PBXContainerItemProxy */ = {
			isa = PBXContainerItemProxy;
			containerPortal = C6C17A53270CBEB60028BA12 /* Project object */;
			proxyType = 1;
			remoteGlobalIDString = C6C17A5A270CBEB60028BA12;
			remoteInfo = TestGitHub;
		};
/* End PBXContainerItemProxy section */

/* Begin PBXFileReference section */
		C6C17A5B270CBEB60028BA12 /* TestGitHub.app */ = {isa = PBXFileReference; explicitFileType = wrapper.application; includeInIndex = 0; path = TestGitHub.app; sourceTree = BUILT_PRODUCTS_DIR; };
		C6C17A5E270CBEB60028BA12 /* TestGitHubApp.swift */ = {isa = PBXFileReference; lastKnownFileType = sourcecode.swift; path = TestGitHubApp.swift; sourceTree = "<group>"; };
		C6C17A60270CBEB60028BA12 /* ContentView.swift */ = {isa = PBXFileReference; lastKnownFileType = sourcecode.swift; path = ContentView.swift; sourceTree = "<group>"; };
		C6C17A62270CBEBB0028BA12 /* Assets.xcassets */ = {isa = PBXFileReference; lastKnownFileType = folder.assetcatalog; path = Assets.xcassets; sourceTree = "<group>"; };
		C6C17A65270CBEBB0028BA12 /* Preview Assets.xcassets */ = {isa = PBXFileReference; lastKnownFileType = folder.assetcatalog; path = "Preview Assets.xcassets"; sourceTree = "<group>"; };
		C6C17A67270CBEBB0028BA12 /* Info.plist */ = {isa = PBXFileReference; lastKnownFileType = text.plist.xml; path = Info.plist; sourceTree = "<group>"; };
		C6C17A6C270CBEBB0028BA12 /* TestGitHubTests.xctest */ = {isa = PBXFileReference; explicitFileType = wrapper.cfbundle; includeInIndex = 0; path = TestGitHubTests.xctest; sourceTree = BUILT_PRODUCTS_DIR; };
		C6C17A70270CBEBB0028BA12 /* TestGitHubTests.swift */ = {isa = PBXFileReference; lastKnownFileType = sourcecode.swift; path = TestGitHubTests.swift; sourceTree = "<group>"; };
		C6C17A72270CBEBB0028BA12 /* Info.plist */ = {isa = PBXFileReference; lastKnownFileType = text.plist.xml; path = Info.plist; sourceTree = "<group>"; };
		C6C17A77270CBEBB0028BA12 /* TestGitHubUITests.xctest */ = {isa = PBXFileReference; explicitFileType = wrapper.cfbundle; includeInIndex = 0; path = TestGitHubUITests.xctest; sourceTree = BUILT_PRODUCTS_DIR; };
		C6C17A7B270CBEBB0028BA12 /* TestGitHubUITests.swift */ = {isa = PBXFileReference; lastKnownFileType = sourcecode.swift; path = TestGitHubUITests.swift; sourceTree = "<group>"; };
		C6C17A7D270CBEBB0028BA12 /* Info.plist */ = {isa = PBXFileReference; lastKnownFileType = text.plist.xml; path = Info.plist; sourceTree = "<group>"; };
/* End PBXFileReference section */

/* Begin PBXFrameworksBuildPhase section */
		C6C17A58270CBEB60028BA12 /* Frameworks */ = {
			isa = PBXFrameworksBuildPhase;
			buildActionMask = 2147483647;
			files = (
			);
			runOnlyForDeploymentPostprocessing = 0;
		};
		C6C17A69270CBEBB0028BA12 /* Frameworks */ = {
			isa = PBXFrameworksBuildPhase;
			buildActionMask = 2147483647;
			files = (
			);
			runOnlyForDeploymentPostprocessing = 0;
		};
		C6C17A74270CBEBB0028BA12 /* Frameworks */ = {
			isa = PBXFrameworksBuildPhase;
			buildActionMask = 2147483647;
			files = (
			);
			runOnlyForDeploymentPostprocessing = 0;
		};
/* End PBXFrameworksBuildPhase section */

/* Begin PBXGroup section */
		C6C17A52270CBEB60028BA12 = {
			isa = PBXGroup;
			children = (
				C6C17A5D270CBEB60028BA12 /* TestGitHub */,
				C6C17A6F270CBEBB0028BA12 /* TestGitHubTests */,
				C6C17A7A270CBEBB0028BA12 /* TestGitHubUITests */,
				C6C17A5C270CBEB60028BA12 /* Products */,
			);
			sourceTree = "<group>";
		};
		C6C17A5C270CBEB60028BA12 /* Products */ = {
			isa = PBXGroup;
			children = (
				C6C17A5B270CBEB60028BA12 /* TestGitHub.app */,
				C6C17A6C270CBEBB0028BA12 /* TestGitHubTests.xctest */,
				C6C17A77270CBEBB0028BA12 /* TestGitHubUITests.xctest */,
			);
			name = Products;
			sourceTree = "<group>";
		};
		C6C17A5D270CBEB60028BA12 /* TestGitHub */ = {
			isa = PBXGroup;
			children = (
				C6C17A5E270CBEB60028BA12 /* TestGitHubApp.swift */,
				C6C17A60270CBEB60028BA12 /* ContentView.swift */,
				C6C17A62270CBEBB0028BA12 /* Assets.xcassets */,
				C6C17A67270CBEBB0028BA12 /* Info.plist */,
				C6C17A64270CBEBB0028BA12 /* Preview Content */,
			);
			path = TestGitHub;
			sourceTree = "<group>";
		};
		C6C17A64270CBEBB0028BA12 /* Preview Content */ = {
			isa = PBXGroup;
			children = (
				C6C17A65270CBEBB0028BA12 /* Preview Assets.xcassets */,
			);
			path = "Preview Content";
			sourceTree = "<group>";
		};
		C6C17A6F270CBEBB0028BA12 /* TestGitHubTests */ = {
			isa = PBXGroup;
			children = (
				C6C17A70270CBEBB0028BA12 /* TestGitHubTests.swift */,
				C6C17A72270CBEBB0028BA12 /* Info.plist */,
			);
			path = TestGitHubTests;
			sourceTree = "<group>";
		};
		C6C17A7A270CBEBB0028BA12 /* TestGitHubUITests */ = {
			isa = PBXGroup;
			children = (
				C6C17A7B270CBEBB0028BA12 /* TestGitHubUITests.swift */,
				C6C17A7D270CBEBB0028BA12 /* Info.plist */,
			);
			path = TestGitHubUITests;
			sourceTree = "<group>";
		};
/* End PBXGroup section */

/* Begin PBXNativeTarget section */
		C6C17A5A270CBEB60028BA12 /* TestGitHub */ = {
			isa = PBXNativeTarget;
			buildConfigurationList = C6C17A80270CBEBB0028BA12 /* Build configuration list for PBXNativeTarget "TestGitHub" */;
			buildPhases = (
				C6C17A57270CBEB60028BA12 /* Sources */,
				C6C17A58270CBEB60028BA12 /* Frameworks */,
				C6C17A59270CBEB60028BA12 /* Resources */,
			);
			buildRules = (
			);
			dependencies = (
			);
			name = TestGitHub;
			productName = TestGitHub;
			productReference = C6C17A5B270CBEB60028BA12 /* TestGitHub.app */;
			productType = "com.apple.product-type.application";
		};
		C6C17A6B270CBEBB0028BA12 /* TestGitHubTests */ = {
			isa = PBXNativeTarget;
			buildConfigurationList = C6C17A83270CBEBB0028BA12 /* Build configuration list for PBXNativeTarget "TestGitHubTests" */;
			buildPhases = (
				C6C17A68270CBEBB0028BA12 /* Sources */,
				C6C17A69270CBEBB0028BA12 /* Frameworks */,
				C6C17A6A270CBEBB0028BA12 /* Resources */,
			);
			buildRules = (
			);
			dependencies = (
				C6C17A6E270CBEBB0028BA12 /* PBXTargetDependency */,
			);
			name = TestGitHubTests;
			productName = TestGitHubTests;
			productReference = C6C17A6C270CBEBB0028BA12 /* TestGitHubTests.xctest */;
			productType = "com.apple.product-type.bundle.unit-test";
		};
		C6C17A76270CBEBB0028BA12 /* TestGitHubUITests */ = {
			isa = PBXNativeTarget;
			buildConfigurationList = C6C17A86270CBEBB0028BA12 /* Build configuration list for PBXNativeTarget "TestGitHubUITests" */;
			buildPhases = (
				C6C17A73270CBEBB0028BA12 /* Sources */,
				C6C17A74270CBEBB0028BA12 /* Frameworks */,
				C6C17A75270CBEBB0028BA12 /* Resources */,
			);
			buildRules = (
			);
			dependencies = (
				C6C17A79270CBEBB0028BA12 /* PBXTargetDependency */,
			);
			name = TestGitHubUITests;
			productName = TestGitHubUITests;
			productReference = C6C17A77270CBEBB0028BA12 /* TestGitHubUITests.xctest */;
			productType = "com.apple.product-type.bundle.ui-testing";
		};
/* End PBXNativeTarget section */

/* Begin PBXProject section */
		C6C17A53270CBEB60028BA12 /* Project object */ = {
			isa = PBXProject;
			attributes = {
				LastSwiftUpdateCheck = 1250;
				LastUpgradeCheck = 1250;
				TargetAttributes = {
					C6C17A5A270CBEB60028BA12 = {
						CreatedOnToolsVersion = 12.5.1;
					};
					C6C17A6B270CBEBB0028BA12 = {
						CreatedOnToolsVersion = 12.5.1;
						TestTargetID = C6C17A5A270CBEB60028BA12;
					};
					C6C17A76270CBEBB0028BA12 = {
						CreatedOnToolsVersion = 12.5.1;
						TestTargetID = C6C17A5A270CBEB60028BA12;
					};
				};
			};
			buildConfigurationList = C6C17A56270CBEB60028BA12 /* Build configuration list for PBXProject "TestGitHub" */;
			compatibilityVersion = "Xcode 9.3";
			developmentRegion = en;
			hasScannedForEncodings = 0;
			knownRegions = (
				en,
				Base,
			);
			mainGroup = C6C17A52270CBEB60028BA12;
			productRefGroup = C6C17A5C270CBEB60028BA12 /* Products */;
			projectDirPath = "";
			projectRoot = "";
			targets = (
				C6C17A5A270CBEB60028BA12 /* TestGitHub */,
				C6C17A6B270CBEBB0028BA12 /* TestGitHubTests */,
				C6C17A76270CBEBB0028BA12 /* TestGitHubUITests */,
			);
		};
/* End PBXProject section */

/* Begin PBXResourcesBuildPhase section */
		C6C17A59270CBEB60028BA12 /* Resources */ = {
			isa = PBXResourcesBuildPhase;
			buildActionMask = 2147483647;
			files = (
				C6C17A66270CBEBB0028BA12 /* Preview Assets.xcassets in Resources */,
				C6C17A63270CBEBB0028BA12 /* Assets.xcassets in Resources */,
			);
			runOnlyForDeploymentPostprocessing = 0;
		};
		C6C17A6A270CBEBB0028BA12 /* Resources */ = {
			isa = PBXResourcesBuildPhase;
			buildActionMask = 2147483647;
			files = (
			);
			runOnlyForDeploymentPostprocessing = 0;
		};
		C6C17A75270CBEBB0028BA12 /* Resources */ = {
			isa = PBXResourcesBuildPhase;
			buildActionMask = 2147483647;
			files = (
			);
			runOnlyForDeploymentPostprocessing = 0;
		};
/* End PBXResourcesBuildPhase section */

/* Begin PBXSourcesBuildPhase section */
		C6C17A57270CBEB60028BA12 /* Sources */ = {
			isa = PBXSourcesBuildPhase;
			buildActionMask = 2147483647;
			files = (
				C6C17A61270CBEB60028BA12 /* ContentView.swift in Sources */,
				C6C17A5F270CBEB60028BA12 /* TestGitHubApp.swift in Sources */,
			);
			runOnlyForDeploymentPostprocessing = 0;
		};
		C6C17A68270CBEBB0028BA12 /* Sources */ = {
			isa = PBXSourcesBuildPhase;
			buildActionMask = 2147483647;
			files = (
				C6C17A71270CBEBB0028BA12 /* TestGitHubTests.swift in Sources */,
			);
			runOnlyForDeploymentPostprocessing = 0;
		};
		C6C17A73270CBEBB0028BA12 /* Sources */ = {
			isa = PBXSourcesBuildPhase;
			buildActionMask = 2147483647;
			files = (
				C6C17A7C270CBEBB0028BA12 /* TestGitHubUITests.swift in Sources */,
			);
			runOnlyForDeploymentPostprocessing = 0;
		};
/* End PBXSourcesBuildPhase section */

/* Begin PBXTargetDependency section */
		C6C17A6E270CBEBB0028BA12 /* PBXTargetDependency */ = {
			isa = PBXTargetDependency;
			target = C6C17A5A270CBEB60028BA12 /* TestGitHub */;
			targetProxy = C6C17A6D270CBEBB0028BA12 /* PBXContainerItemProxy */;
		};
		C6C17A79270CBEBB0028BA12 /* PBXTargetDependency */ = {
			isa = PBXTargetDependency;
			target = C6C17A5A270CBEB60028BA12 /* TestGitHub */;
			targetProxy = C6C17A78270CBEBB0028BA12 /* PBXContainerItemProxy */;
		};
/* End PBXTargetDependency section */

/* Begin XCBuildConfiguration section */
		C6C17A7E270CBEBB0028BA12 /* Debug */ = {
			isa = XCBuildConfiguration;
			buildSettings = {
				ALWAYS_SEARCH_USER_PATHS = NO;
				CLANG_ANALYZER_NONNULL = YES;
				CLANG_ANALYZER_NUMBER_OBJECT_CONVERSION = YES_AGGRESSIVE;
				CLANG_CXX_LANGUAGE_STANDARD = "gnu++14";
				CLANG_CXX_LIBRARY = "libc++";
				CLANG_ENABLE_MODULES = YES;
				CLANG_ENABLE_OBJC_ARC = YES;
				CLANG_ENABLE_OBJC_WEAK = YES;
				CLANG_WARN_BLOCK_CAPTURE_AUTORELEASING = YES;
				CLANG_WARN_BOOL_CONVERSION = YES;
				CLANG_WARN_COMMA = YES;
				CLANG_WARN_CONSTANT_CONVERSION = YES;
				CLANG_WARN_DEPRECATED_OBJC_IMPLEMENTATIONS = YES;
				CLANG_WARN_DIRECT_OBJC_ISA_USAGE = YES_ERROR;
				CLANG_WARN_DOCUMENTATION_COMMENTS = YES;
				CLANG_WARN_EMPTY_BODY = YES;
				CLANG_WARN_ENUM_CONVERSION = YES;
				CLANG_WARN_INFINITE_RECURSION = YES;
				CLANG_WARN_INT_CONVERSION = YES;
				CLANG_WARN_NON_LITERAL_NULL_CONVERSION = YES;
				CLANG_WARN_OBJC_IMPLICIT_RETAIN_SELF = YES;
				CLANG_WARN_OBJC_LITERAL_CONVERSION = YES;
				CLANG_WARN_OBJC_ROOT_CLASS = YES_ERROR;
				CLANG_WARN_QUOTED_INCLUDE_IN_FRAMEWORK_HEADER = YES;
				CLANG_WARN_RANGE_LOOP_ANALYSIS = YES;
				CLANG_WARN_STRICT_PROTOTYPES = YES;
				CLANG_WARN_SUSPICIOUS_MOVE = YES;
				CLANG_WARN_UNGUARDED_AVAILABILITY = YES_AGGRESSIVE;
				CLANG_WARN_UNREACHABLE_CODE = YES;
				CLANG_WARN__DUPLICATE_METHOD_MATCH = YES;
				COPY_PHASE_STRIP = NO;
				DEBUG_INFORMATION_FORMAT = dwarf;
				ENABLE_STRICT_OBJC_MSGSEND = YES;
				ENABLE_TESTABILITY = YES;
				GCC_C_LANGUAGE_STANDARD = gnu11;
				GCC_DYNAMIC_NO_PIC = NO;
				GCC_NO_COMMON_BLOCKS = YES;
				GCC_OPTIMIZATION_LEVEL = 0;
				GCC_PREPROCESSOR_DEFINITIONS = (
					"DEBUG=1",
					"$(inherited)",
				);
				GCC_WARN_64_TO_32_BIT_CONVERSION = YES;
				GCC_WARN_ABOUT_RETURN_TYPE = YES_ERROR;
				GCC_WARN_UNDECLARED_SELECTOR = YES;
				GCC_WARN_UNINITIALIZED_AUTOS = YES_AGGRESSIVE;
				GCC_WARN_UNUSED_FUNCTION = YES;
				GCC_WARN_UNUSED_VARIABLE = YES;
				IPHONEOS_DEPLOYMENT_TARGET = 14.5;
				MTL_ENABLE_DEBUG_INFO = INCLUDE_SOURCE;
				MTL_FAST_MATH = YES;
				ONLY_ACTIVE_ARCH = YES;
				SDKROOT = iphoneos;
				SWIFT_ACTIVE_COMPILATION_CONDITIONS = DEBUG;
				SWIFT_OPTIMIZATION_LEVEL = "-Onone";
			};
			name = Debug;
		};
		C6C17A7F270CBEBB0028BA12 /* Release */ = {
			isa = XCBuildConfiguration;
			buildSettings = {
				ALWAYS_SEARCH_USER_PATHS = NO;
				CLANG_ANALYZER_NONNULL = YES;
				CLANG_ANALYZER_NUMBER_OBJECT_CONVERSION = YES_AGGRESSIVE;
				CLANG_CXX_LANGUAGE_STANDARD = "gnu++14";
				CLANG_CXX_LIBRARY = "libc++";
				CLANG_ENABLE_MODULES = YES;
				CLANG_ENABLE_OBJC_ARC = YES;
				CLANG_ENABLE_OBJC_WEAK = YES;
				CLANG_WARN_BLOCK_CAPTURE_AUTORELEASING = YES;
				CLANG_WARN_BOOL_CONVERSION = YES;
				CLANG_WARN_COMMA = YES;
				CLANG_WARN_CONSTANT_CONVERSION = YES;
				CLANG_WARN_DEPRECATED_OBJC_IMPLEMENTATIONS = YES;
				CLANG_WARN_DIRECT_OBJC_ISA_USAGE = YES_ERROR;
				CLANG_WARN_DOCUMENTATION_COMMENTS = YES;
				CLANG_WARN_EMPTY_BODY = YES;
				CLANG_WARN_ENUM_CONVERSION = YES;
				CLANG_WARN_INFINITE_RECURSION = YES;
				CLANG_WARN_INT_CONVERSION = YES;
				CLANG_WARN_NON_LITERAL_NULL_CONVERSION = YES;
				CLANG_WARN_OBJC_IMPLICIT_RETAIN_SELF = YES;
				CLANG_WARN_OBJC_LITERAL_CONVERSION = YES;
				CLANG_WARN_OBJC_ROOT_CLASS = YES_ERROR;
				CLANG_WARN_QUOTED_INCLUDE_IN_FRAMEWORK_HEADER = YES;
				CLANG_WARN_RANGE_LOOP_ANALYSIS = YES;
				CLANG_WARN_STRICT_PROTOTYPES = YES;
				CLANG_WARN_SUSPICIOUS_MOVE = YES;
				CLANG_WARN_UNGUARDED_AVAILABILITY = YES_AGGRESSIVE;
				CLANG_WARN_UNREACHABLE_CODE = YES;
				CLANG_WARN__DUPLICATE_METHOD_MATCH = YES;
				COPY_PHASE_STRIP = NO;
				DEBUG_INFORMATION_FORMAT = "dwarf-with-dsym";
				ENABLE_NS_ASSERTIONS = NO;
				ENABLE_STRICT_OBJC_MSGSEND = YES;
				GCC_C_LANGUAGE_STANDARD = gnu11;
				GCC_NO_COMMON_BLOCKS = YES;
				GCC_WARN_64_TO_32_BIT_CONVERSION = YES;
				GCC_WARN_ABOUT_RETURN_TYPE = YES_ERROR;
				GCC_WARN_UNDECLARED_SELECTOR = YES;
				GCC_WARN_UNINITIALIZED_AUTOS = YES_AGGRESSIVE;
				GCC_WARN_UNUSED_FUNCTION = YES;
				GCC_WARN_UNUSED_VARIABLE = YES;
				IPHONEOS_DEPLOYMENT_TARGET = 14.5;
				MTL_ENABLE_DEBUG_INFO = NO;
				MTL_FAST_MATH = YES;
				SDKROOT = iphoneos;
				SWIFT_COMPILATION_MODE = wholemodule;
				SWIFT_OPTIMIZATION_LEVEL = "-O";
				VALIDATE_PRODUCT = YES;
			};
			name = Release;
		};
		C6C17A81270CBEBB0028BA12 /* Debug */ = {
			isa = XCBuildConfiguration;
			buildSettings = {
				ASSETCATALOG_COMPILER_APPICON_NAME = AppIcon;
				ASSETCATALOG_COMPILER_GLOBAL_ACCENT_COLOR_NAME = AccentColor;
				CODE_SIGN_STYLE = Automatic;
				DEVELOPMENT_ASSET_PATHS = "\"TestGitHub/Preview Content\"";
				ENABLE_PREVIEWS = YES;
				INFOPLIST_FILE = TestGitHub/Info.plist;
				IPHONEOS_DEPLOYMENT_TARGET = 14.0;
				LD_RUNPATH_SEARCH_PATHS = (
					"$(inherited)",
					"@executable_path/Frameworks",
				);
				PRODUCT_BUNDLE_IDENTIFIER = com.filippo.TestGitHub;
				PRODUCT_NAME = "$(TARGET_NAME)";
				SWIFT_VERSION = 5.0;
				TARGETED_DEVICE_FAMILY = "1,2";
			};
			name = Debug;
		};
		C6C17A82270CBEBB0028BA12 /* Release */ = {
			isa = XCBuildConfiguration;
			buildSettings = {
				ASSETCATALOG_COMPILER_APPICON_NAME = AppIcon;
				ASSETCATALOG_COMPILER_GLOBAL_ACCENT_COLOR_NAME = AccentColor;
				CODE_SIGN_STYLE = Automatic;
				DEVELOPMENT_ASSET_PATHS = "\"TestGitHub/Preview Content\"";
				ENABLE_PREVIEWS = YES;
				INFOPLIST_FILE = TestGitHub/Info.plist;
				IPHONEOS_DEPLOYMENT_TARGET = 14.0;
				LD_RUNPATH_SEARCH_PATHS = (
					"$(inherited)",
					"@executable_path/Frameworks",
				);
				PRODUCT_BUNDLE_IDENTIFIER = com.filippo.TestGitHub;
				PRODUCT_NAME = "$(TARGET_NAME)";
				SWIFT_VERSION = 5.0;
				TARGETED_DEVICE_FAMILY = "1,2";
			};
			name = Release;
		};
		C6C17A84270CBEBB0028BA12 /* Debug */ = {
			isa = XCBuildConfiguration;
			buildSettings = {
				ALWAYS_EMBED_SWIFT_STANDARD_LIBRARIES = YES;
				BUNDLE_LOADER = "$(TEST_HOST)";
				CODE_SIGN_STYLE = Automatic;
				INFOPLIST_FILE = TestGitHubTests/Info.plist;
				IPHONEOS_DEPLOYMENT_TARGET = 14.0;
				LD_RUNPATH_SEARCH_PATHS = (
					"$(inherited)",
					"@executable_path/Frameworks",
					"@loader_path/Frameworks",
				);
				PRODUCT_BUNDLE_IDENTIFIER = com.filippo.TestGitHubTests;
				PRODUCT_NAME = "$(TARGET_NAME)";
				SWIFT_VERSION = 5.0;
				TARGETED_DEVICE_FAMILY = "1,2";
				TEST_HOST = "$(BUILT_PRODUCTS_DIR)/TestGitHub.app/TestGitHub";
			};
			name = Debug;
		};
		C6C17A85270CBEBB0028BA12 /* Release */ = {
			isa = XCBuildConfiguration;
			buildSettings = {
				ALWAYS_EMBED_SWIFT_STANDARD_LIBRARIES = YES;
				BUNDLE_LOADER = "$(TEST_HOST)";
				CODE_SIGN_STYLE = Automatic;
				INFOPLIST_FILE = TestGitHubTests/Info.plist;
				IPHONEOS_DEPLOYMENT_TARGET = 14.0;
				LD_RUNPATH_SEARCH_PATHS = (
					"$(inherited)",
					"@executable_path/Frameworks",
					"@loader_path/Frameworks",
				);
				PRODUCT_BUNDLE_IDENTIFIER = com.filippo.TestGitHubTests;
				PRODUCT_NAME = "$(TARGET_NAME)";
				SWIFT_VERSION = 5.0;
				TARGETED_DEVICE_FAMILY = "1,2";
				TEST_HOST = "$(BUILT_PRODUCTS_DIR)/TestGitHub.app/TestGitHub";
			};
			name = Release;
		};
		C6C17A87270CBEBB0028BA12 /* Debug */ = {
			isa = XCBuildConfiguration;
			buildSettings = {
				ALWAYS_EMBED_SWIFT_STANDARD_LIBRARIES = YES;
				CODE_SIGN_STYLE = Automatic;
				INFOPLIST_FILE = TestGitHubUITests/Info.plist;
				LD_RUNPATH_SEARCH_PATHS = (
					"$(inherited)",
					"@executable_path/Frameworks",
					"@loader_path/Frameworks",
				);
				PRODUCT_BUNDLE_IDENTIFIER = com.filippo.TestGitHubUITests;
				PRODUCT_NAME = "$(TARGET_NAME)";
				SWIFT_VERSION = 5.0;
				TARGETED_DEVICE_FAMILY = "1,2";
				TEST_TARGET_NAME = TestGitHub;
			};
			name = Debug;
		};
		C6C17A88270CBEBB0028BA12 /* Release */ = {
			isa = XCBuildConfiguration;
			buildSettings = {
				ALWAYS_EMBED_SWIFT_STANDARD_LIBRARIES = YES;
				CODE_SIGN_STYLE = Automatic;
				INFOPLIST_FILE = TestGitHubUITests/Info.plist;
				LD_RUNPATH_SEARCH_PATHS = (
					"$(inherited)",
					"@executable_path/Frameworks",
					"@loader_path/Frameworks",
				);
				PRODUCT_BUNDLE_IDENTIFIER = com.filippo.TestGitHubUITests;
				PRODUCT_NAME = "$(TARGET_NAME)";
				SWIFT_VERSION = 5.0;
				TARGETED_DEVICE_FAMILY = "1,2";
				TEST_TARGET_NAME = TestGitHub;
			};
			name = Release;
		};
/* End XCBuildConfiguration section */

/* Begin XCConfigurationList section */
		C6C17A56270CBEB60028BA12 /* Build configuration list for PBXProject "TestGitHub" */ = {
			isa = XCConfigurationList;
			buildConfigurations = (
				C6C17A7E270CBEBB0028BA12 /* Debug */,
				C6C17A7F270CBEBB0028BA12 /* Release */,
			);
			defaultConfigurationIsVisible = 0;
			defaultConfigurationName = Release;
		};
		C6C17A80270CBEBB0028BA12 /* Build configuration list for PBXNativeTarget "TestGitHub" */ = {
			isa = XCConfigurationList;
			buildConfigurations = (
				C6C17A81270CBEBB0028BA12 /* Debug */,
				C6C17A82270CBEBB0028BA12 /* Release */,
			);
			defaultConfigurationIsVisible = 0;
			defaultConfigurationName = Release;
		};
		C6C17A83270CBEBB0028BA12 /* Build configuration list for PBXNativeTarget "TestGitHubTests" */ = {
			isa = XCConfigurationList;
			buildConfigurations = (
				C6C17A84270CBEBB0028BA12 /* Debug */,
				C6C17A85270CBEBB0028BA12 /* Release */,
			);
			defaultConfigurationIsVisible = 0;
			defaultConfigurationName = Release;
		};
		C6C17A86270CBEBB0028BA12 /* Build configuration list for PBXNativeTarget "TestGitHubUITests" */ = {
			isa = XCConfigurationList;
			buildConfigurations = (
				C6C17A87270CBEBB0028BA12 /* Debug */,
				C6C17A88270CBEBB0028BA12 /* Release */,
			);
			defaultConfigurationIsVisible = 0;
			defaultConfigurationName = Release;
		};
/* End XCConfigurationList section */
	};
	rootObject = C6C17A53270CBEB60028BA12 /* Project object */;
}
